
Microsoft Visual Studio Solution File, Format Version 12.00
# Visual Studio 2012
Project("{FAE04EC0-301F-11D3-BF4B-00C04F79EFBC}") = "Practica5", "Practica5\Practica5.csproj", "{544AC95D-A004-4AD2-B74F-72F9D2A9CD10}"
EndProject
Global
	GlobalSection(SolutionConfigurationPlatforms) = preSolution
		Debug|Any CPU = Debug|Any CPU
		Release|Any CPU = Release|Any CPU
	EndGlobalSection
	GlobalSection(ProjectConfigurationPlatforms) = postSolution
		{544AC95D-A004-4AD2-B74F-72F9D2A9CD10}.Debug|Any CPU.ActiveCfg = Debug|Any CPU
		{544AC95D-A004-4AD2-B74F-72F9D2A9CD10}.Debug|Any CPU.Build.0 = Debug|Any CPU
		{544AC95D-A004-4AD2-B74F-72F9D2A9CD10}.Release|Any CPU.ActiveCfg = Release|Any CPU
		{544AC95D-A004-4AD2-B74F-72F9D2A9CD10}.Release|Any CPU.Build.0 = Release|Any CPU
	EndGlobalSection
	GlobalSection(SolutionProperties) = preSolution
		HideSolutionNode = FALSE
	EndGlobalSection
EndGlobal
